
Microsoft Visual Studio Solution File, Format Version 12.00
# Visual Studio Version 16
VisualStudioVersion = 16.0.31019.35
MinimumVisualStudioVersion = 15.0.26124.0
Project("{9A19103F-16F7-4668-BE54-9A1E7A4F7556}") = "PairingTest.Web", "src\PairingTest.Web\PairingTest.Web.csproj", "{402EBD8B-346C-4351-9E74-9EDAE62425BE}"
EndProject
Project("{9A19103F-16F7-4668-BE54-9A1E7A4F7556}") = "PairingTest.Unit.Tests", "src\PairingTest.Unit.Tests\PairingTest.Unit.Tests.csproj", "{B2006308-EEB7-4957-B504-3081C5469887}"
EndProject
Project("{9A19103F-16F7-4668-BE54-9A1E7A4F7556}") = "PairingTest.API", "src\PairingTest.WebApi\PairingTest.API.csproj", "{FD5496DC-AAD2-46DB-BFC7-4FEE7A85DA56}"
EndProject
Project("{9A19103F-16F7-4668-BE54-9A1E7A4F7556}") = "PairingTest.Web.Infrastructure", "PairingTest.WebInfrastructure\PairingTest.Web.Infrastructure.csproj", "{9CA8C050-D654-4593-88EB-5F057097CAB3}"
EndProject
Project("{9A19103F-16F7-4668-BE54-9A1E7A4F7556}") = "PairingTest.Web.Core", "PairingTest.WebCore\PairingTest.Web.Core.csproj", "{110FF38A-3802-466A-A96A-F1DB0E607AB1}"
EndProject
Project("{9A19103F-16F7-4668-BE54-9A1E7A4F7556}") = "PairingTest.API.Core", "PairingTest.API.Core\PairingTest.API.Core.csproj", "{DDB5132B-090F-4F94-98BD-4D3DE44BDB90}"
EndProject
Project("{9A19103F-16F7-4668-BE54-9A1E7A4F7556}") = "PairingTest.API.Infrastructure", "PairingTest.API.Infrastructure\PairingTest.API.Infrastructure.csproj", "{7E026121-C584-41ED-9D2D-07F307D71372}"
EndProject
Project("{2150E333-8FDC-42A3-9474-1A3956D46DE8}") = "API", "API", "{4EE8AF29-AD69-4430-914E-6935586BBD84}"
EndProject
Project("{2150E333-8FDC-42A3-9474-1A3956D46DE8}") = "UI", "UI", "{33B8652C-7A6F-4739-98B5-51AE444A88B3}"
EndProject
Project("{2150E333-8FDC-42A3-9474-1A3956D46DE8}") = "UnitTest", "UnitTest", "{EDA8BD91-7D60-4A50-A8F2-16929B73FA2F}"
EndProject
Global
	GlobalSection(SolutionConfigurationPlatforms) = preSolution
		Debug|Any CPU = Debug|Any CPU
		Debug|x64 = Debug|x64
		Debug|x86 = Debug|x86
		Release|Any CPU = Release|Any CPU
		Release|x64 = Release|x64
		Release|x86 = Release|x86
	EndGlobalSection
	GlobalSection(ProjectConfigurationPlatforms) = postSolution
		{402EBD8B-346C-4351-9E74-9EDAE62425BE}.Debug|Any CPU.ActiveCfg = Debug|Any CPU
		{402EBD8B-346C-4351-9E74-9EDAE62425BE}.Debug|Any CPU.Build.0 = Debug|Any CPU
		{402EBD8B-346C-4351-9E74-9EDAE62425BE}.Debug|x64.ActiveCfg = Debug|Any CPU
		{402EBD8B-346C-4351-9E74-9EDAE62425BE}.Debug|x64.Build.0 = Debug|Any CPU
		{402EBD8B-346C-4351-9E74-9EDAE62425BE}.Debug|x86.ActiveCfg = Debug|Any CPU
		{402EBD8B-346C-4351-9E74-9EDAE62425BE}.Debug|x86.Build.0 = Debug|Any CPU
		{402EBD8B-346C-4351-9E74-9EDAE62425BE}.Release|Any CPU.ActiveCfg = Release|Any CPU
		{402EBD8B-346C-4351-9E74-9EDAE62425BE}.Release|Any CPU.Build.0 = Release|Any CPU
		{402EBD8B-346C-4351-9E74-9EDAE62425BE}.Release|x64.ActiveCfg = Release|Any CPU
		{402EBD8B-346C-4351-9E74-9EDAE62425BE}.Release|x64.Build.0 = Release|Any CPU
		{402EBD8B-346C-4351-9E74-9EDAE62425BE}.Release|x86.ActiveCfg = Release|Any CPU
		{402EBD8B-346C-4351-9E74-9EDAE62425BE}.Release|x86.Build.0 = Release|Any CPU
		{B2006308-EEB7-4957-B504-3081C5469887}.Debug|Any CPU.ActiveCfg = Debug|Any CPU
		{B2006308-EEB7-4957-B504-3081C5469887}.Debug|Any CPU.Build.0 = Debug|Any CPU
		{B2006308-EEB7-4957-B504-3081C5469887}.Debug|x64.ActiveCfg = Debug|Any CPU
		{B2006308-EEB7-4957-B504-3081C5469887}.Debug|x64.Build.0 = Debug|Any CPU
		{B2006308-EEB7-4957-B504-3081C5469887}.Debug|x86.ActiveCfg = Debug|Any CPU
		{B2006308-EEB7-4957-B504-3081C5469887}.Debug|x86.Build.0 = Debug|Any CPU
		{B2006308-EEB7-4957-B504-3081C5469887}.Release|Any CPU.ActiveCfg = Release|Any CPU
		{B2006308-EEB7-4957-B504-3081C5469887}.Release|Any CPU.Build.0 = Release|Any CPU
		{B2006308-EEB7-4957-B504-3081C5469887}.Release|x64.ActiveCfg = Release|Any CPU
		{B2006308-EEB7-4957-B504-3081C5469887}.Release|x64.Build.0 = Release|Any CPU
		{B2006308-EEB7-4957-B504-3081C5469887}.Release|x86.ActiveCfg = Release|Any CPU
		{B2006308-EEB7-4957-B504-3081C5469887}.Release|x86.Build.0 = Release|Any CPU
		{FD5496DC-AAD2-46DB-BFC7-4FEE7A85DA56}.Debug|Any CPU.ActiveCfg = Debug|Any CPU
		{FD5496DC-AAD2-46DB-BFC7-4FEE7A85DA56}.Debug|Any CPU.Build.0 = Debug|Any CPU
		{FD5496DC-AAD2-46DB-BFC7-4FEE7A85DA56}.Debug|x64.ActiveCfg = Debug|Any CPU
		{FD5496DC-AAD2-46DB-BFC7-4FEE7A85DA56}.Debug|x64.Build.0 = Debug|Any CPU
		{FD5496DC-AAD2-46DB-BFC7-4FEE7A85DA56}.Debug|x86.ActiveCfg = Debug|Any CPU
		{FD5496DC-AAD2-46DB-BFC7-4FEE7A85DA56}.Debug|x86.Build.0 = Debug|Any CPU
		{FD5496DC-AAD2-46DB-BFC7-4FEE7A85DA56}.Release|Any CPU.ActiveCfg = Release|Any CPU
		{FD5496DC-AAD2-46DB-BFC7-4FEE7A85DA56}.Release|Any CPU.Build.0 = Release|Any CPU
		{FD5496DC-AAD2-46DB-BFC7-4FEE7A85DA56}.Release|x64.ActiveCfg = Release|Any CPU
		{FD5496DC-AAD2-46DB-BFC7-4FEE7A85DA56}.Release|x64.Build.0 = Release|Any CPU
		{FD5496DC-AAD2-46DB-BFC7-4FEE7A85DA56}.Release|x86.ActiveCfg = Release|Any CPU
		{FD5496DC-AAD2-46DB-BFC7-4FEE7A85DA56}.Release|x86.Build.0 = Release|Any CPU
		{9CA8C050-D654-4593-88EB-5F057097CAB3}.Debug|Any CPU.ActiveCfg = Debug|Any CPU
		{9CA8C050-D654-4593-88EB-5F057097CAB3}.Debug|Any CPU.Build.0 = Debug|Any CPU
		{9CA8C050-D654-4593-88EB-5F057097CAB3}.Debug|x64.ActiveCfg = Debug|Any CPU
		{9CA8C050-D654-4593-88EB-5F057097CAB3}.Debug|x64.Build.0 = Debug|Any CPU
		{9CA8C050-D654-4593-88EB-5F057097CAB3}.Debug|x86.ActiveCfg = Debug|Any CPU
		{9CA8C050-D654-4593-88EB-5F057097CAB3}.Debug|x86.Build.0 = Debug|Any CPU
		{9CA8C050-D654-4593-88EB-5F057097CAB3}.Release|Any CPU.ActiveCfg = Release|Any CPU
		{9CA8C050-D654-4593-88EB-5F057097CAB3}.Release|Any CPU.Build.0 = Release|Any CPU
		{9CA8C050-D654-4593-88EB-5F057097CAB3}.Release|x64.ActiveCfg = Release|Any CPU
		{9CA8C050-D654-4593-88EB-5F057097CAB3}.Release|x64.Build.0 = Release|Any CPU
		{9CA8C050-D654-4593-88EB-5F057097CAB3}.Release|x86.ActiveCfg = Release|Any CPU
		{9CA8C050-D654-4593-88EB-5F057097CAB3}.Release|x86.Build.0 = Release|Any CPU
		{110FF38A-3802-466A-A96A-F1DB0E607AB1}.Debug|Any CPU.ActiveCfg = Debug|Any CPU
		{110FF38A-3802-466A-A96A-F1DB0E607AB1}.Debug|Any CPU.Build.0 = Debug|Any CPU
		{110FF38A-3802-466A-A96A-F1DB0E607AB1}.Debug|x64.ActiveCfg = Debug|Any CPU
		{110FF38A-3802-466A-A96A-F1DB0E607AB1}.Debug|x64.Build.0 = Debug|Any CPU
		{110FF38A-3802-466A-A96A-F1DB0E607AB1}.Debug|x86.ActiveCfg = Debug|Any CPU
		{110FF38A-3802-466A-A96A-F1DB0E607AB1}.Debug|x86.Build.0 = Debug|Any CPU
		{110FF38A-3802-466A-A96A-F1DB0E607AB1}.Release|Any CPU.ActiveCfg = Release|Any CPU
		{110FF38A-3802-466A-A96A-F1DB0E607AB1}.Release|Any CPU.Build.0 = Release|Any CPU
		{110FF38A-3802-466A-A96A-F1DB0E607AB1}.Release|x64.ActiveCfg = Release|Any CPU
		{110FF38A-3802-466A-A96A-F1DB0E607AB1}.Release|x64.Build.0 = Release|Any CPU
		{110FF38A-3802-466A-A96A-F1DB0E607AB1}.Release|x86.ActiveCfg = Release|Any CPU
		{110FF38A-3802-466A-A96A-F1DB0E607AB1}.Release|x86.Build.0 = Release|Any CPU
		{DDB5132B-090F-4F94-98BD-4D3DE44BDB90}.Debug|Any CPU.ActiveCfg = Debug|Any CPU
		{DDB5132B-090F-4F94-98BD-4D3DE44BDB90}.Debug|Any CPU.Build.0 = Debug|Any CPU
		{DDB5132B-090F-4F94-98BD-4D3DE44BDB90}.Debug|x64.ActiveCfg = Debug|Any CPU
		{DDB5132B-090F-4F94-98BD-4D3DE44BDB90}.Debug|x64.Build.0 = Debug|Any CPU
		{DDB5132B-090F-4F94-98BD-4D3DE44BDB90}.Debug|x86.ActiveCfg = Debug|Any CPU
		{DDB5132B-090F-4F94-98BD-4D3DE44BDB90}.Debug|x86.Build.0 = Debug|Any CPU
		{DDB5132B-090F-4F94-98BD-4D3DE44BDB90}.Release|Any CPU.ActiveCfg = Release|Any CPU
		{DDB5132B-090F-4F94-98BD-4D3DE44BDB90}.Release|Any CPU.Build.0 = Release|Any CPU
		{DDB5132B-090F-4F94-98BD-4D3DE44BDB90}.Release|x64.ActiveCfg = Release|Any CPU
		{DDB5132B-090F-4F94-98BD-4D3DE44BDB90}.Release|x64.Build.0 = Release|Any CPU
		{DDB5132B-090F-4F94-98BD-4D3DE44BDB90}.Release|x86.ActiveCfg = Release|Any CPU
		{DDB5132B-090F-4F94-98BD-4D3DE44BDB90}.Release|x86.Build.0 = Release|Any CPU
		{7E026121-C584-41ED-9D2D-07F307D71372}.Debug|Any CPU.ActiveCfg = Debug|Any CPU
		{7E026121-C584-41ED-9D2D-07F307D71372}.Debug|Any CPU.Build.0 = Debug|Any CPU
		{7E026121-C584-41ED-9D2D-07F307D71372}.Debug|x64.ActiveCfg = Debug|Any CPU
		{7E026121-C584-41ED-9D2D-07F307D71372}.Debug|x64.Build.0 = Debug|Any CPU
		{7E026121-C584-41ED-9D2D-07F307D71372}.Debug|x86.ActiveCfg = Debug|Any CPU
		{7E026121-C584-41ED-9D2D-07F307D71372}.Debug|x86.Build.0 = Debug|Any CPU
		{7E026121-C584-41ED-9D2D-07F307D71372}.Release|Any CPU.ActiveCfg = Release|Any CPU
		{7E026121-C584-41ED-9D2D-07F307D71372}.Release|Any CPU.Build.0 = Release|Any CPU
		{7E026121-C584-41ED-9D2D-07F307D71372}.Release|x64.ActiveCfg = Release|Any CPU
		{7E026121-C584-41ED-9D2D-07F307D71372}.Release|x64.Build.0 = Release|Any CPU
		{7E026121-C584-41ED-9D2D-07F307D71372}.Release|x86.ActiveCfg = Release|Any CPU
		{7E026121-C584-41ED-9D2D-07F307D71372}.Release|x86.Build.0 = Release|Any CPU
	EndGlobalSection
	GlobalSection(SolutionProperties) = preSolution
		HideSolutionNode = FALSE
	EndGlobalSection
	GlobalSection(NestedProjects) = preSolution
		{402EBD8B-346C-4351-9E74-9EDAE62425BE} = {33B8652C-7A6F-4739-98B5-51AE444A88B3}
		{B2006308-EEB7-4957-B504-3081C5469887} = {EDA8BD91-7D60-4A50-A8F2-16929B73FA2F}
		{FD5496DC-AAD2-46DB-BFC7-4FEE7A85DA56} = {4EE8AF29-AD69-4430-914E-6935586BBD84}
		{9CA8C050-D654-4593-88EB-5F057097CAB3} = {33B8652C-7A6F-4739-98B5-51AE444A88B3}
		{110FF38A-3802-466A-A96A-F1DB0E607AB1} = {33B8652C-7A6F-4739-98B5-51AE444A88B3}
		{DDB5132B-090F-4F94-98BD-4D3DE44BDB90} = {4EE8AF29-AD69-4430-914E-6935586BBD84}
		{7E026121-C584-41ED-9D2D-07F307D71372} = {4EE8AF29-AD69-4430-914E-6935586BBD84}
	EndGlobalSection
	GlobalSection(ExtensibilityGlobals) = postSolution
		SolutionGuid = {734D0CEC-7CA1-42A8-8A49-0CB07AE93C52}
	EndGlobalSection
EndGlobal
